
Microsoft Visual Studio Solution File, Format Version 12.00
# Visual Studio Version 17
VisualStudioVersion = 17.0.31903.59
MinimumVisualStudioVersion = 10.0.40219.1
Project("{2150E333-8FDC-42A3-9474-1A3956D46DE8}") = "AuctionService", "AuctionService", "{1E317129-5A59-4EC3-AEF2-B1FA13C69A0B}"
EndProject
Project("{2150E333-8FDC-42A3-9474-1A3956D46DE8}") = "BidService", "BidService", "{980B6117-ECE8-4AFD-8D65-E7ECFA82C52F}"
EndProject
Project("{9A19103F-16F7-4668-BE54-9A1E7A4F7556}") = "CarBidSystem.Auctions.CoreBusiness", "src\AuctionService\CarBidSystem.Auctions.CoreBusiness\CarBidSystem.Auctions.CoreBusiness.csproj", "{79CF6848-9975-4783-8B8E-5EC2BE1FF294}"
EndProject
Project("{9A19103F-16F7-4668-BE54-9A1E7A4F7556}") = "CarBidSystem.Auctions.UseCases", "src\AuctionService\CarBidSystem.Auctions.UseCases\CarBidSystem.Auctions.UseCases.csproj", "{E8EFADA6-CC91-40CC-BD72-A6BEF9213C3E}"
EndProject
Project("{2150E333-8FDC-42A3-9474-1A3956D46DE8}") = "Plugins", "Plugins", "{243664D3-3E30-49B2-998F-E639BA76F173}"
EndProject
Project("{9A19103F-16F7-4668-BE54-9A1E7A4F7556}") = "CarBidSystem.Auctions.Service", "src\AuctionService\CarBidSystem.Auctions.Service\CarBidSystem.Auctions.Service.csproj", "{7187B49C-2AE1-4831-B457-0E37CB7E3DD3}"
EndProject
Project("{2150E333-8FDC-42A3-9474-1A3956D46DE8}") = "Plugins", "Plugins", "{50E6697F-0F25-4F20-B06B-1608794828DB}"
EndProject
Project("{9A19103F-16F7-4668-BE54-9A1E7A4F7556}") = "CarBidSystem.Bids.CoreBusiness", "src\BidService\CarBidSystem.Bids.CoreBusiness\CarBidSystem.Bids.CoreBusiness.csproj", "{C1EF95C6-A61E-4158-9A11-7A92B62FABC1}"
EndProject
Project("{9A19103F-16F7-4668-BE54-9A1E7A4F7556}") = "CarBidSystem.Bids.UseCases", "src\BidService\CarBidSystem.Bids.UseCases\CarBidSystem.Bids.UseCases.csproj", "{E35793AD-1CF0-40E6-9783-B64224C09A7C}"
EndProject
Project("{2150E333-8FDC-42A3-9474-1A3956D46DE8}") = "Common", "Common", "{43B865F4-5FCA-465C-9769-02C458428093}"
EndProject
Project("{9A19103F-16F7-4668-BE54-9A1E7A4F7556}") = "CarBidSystem.Common", "src\Common\CarBidSystem.Common\CarBidSystem.Common.csproj", "{BE6B808E-702C-4559-B375-BA1EFA2C59D1}"
EndProject
Project("{9A19103F-16F7-4668-BE54-9A1E7A4F7556}") = "CarBidSystem.Bids.Service", "src\BidService\CarBidSystem.Bids.Service\CarBidSystem.Bids.Service.csproj", "{B90A4BAE-2CC3-48DD-83C4-6640374C3572}"
EndProject
Project("{9A19103F-16F7-4668-BE54-9A1E7A4F7556}") = "CarBidSystem.Bids.Plugins.EFCoreSqlServer", "src\BidService\Plugins\CarBidSystem.Bids.Plugins.EFCoreSqlServer\CarBidSystem.Bids.Plugins.EFCoreSqlServer.csproj", "{3ACEE466-EA49-4FF9-816D-338643D7A7EF}"
EndProject
Project("{9A19103F-16F7-4668-BE54-9A1E7A4F7556}") = "CarBidSystem.Auctions.Plugins.EFCoreSqlServer", "src\AuctionService\Plugins\CarBidSystem.Auctions.Plugins.EFCoreSqlServer\CarBidSystem.Auctions.Plugins.EFCoreSqlServer.csproj", "{CC944101-981D-41E2-876E-EE8145C30AE9}"
EndProject
Project("{2150E333-8FDC-42A3-9474-1A3956D46DE8}") = "Gateway", "Gateway", "{583A4639-C007-4D40-A689-23910AED0B3F}"
EndProject
Project("{9A19103F-16F7-4668-BE54-9A1E7A4F7556}") = "CarBidSystem.Gateway", "src\Gateway\CarBidSystem.Gateway\CarBidSystem.Gateway.csproj", "{1AAA7056-B670-43A4-9611-263C1A72B36B}"
EndProject
Project("{9A19103F-16F7-4668-BE54-9A1E7A4F7556}") = "CarBidSystem.Auctions.Plugins.RedisCaching", "src\AuctionService\Plugins\CarBidSystem.Auctions.Plugins.RedisCaching\CarBidSystem.Auctions.Plugins.RedisCaching.csproj", "{AC08A5CE-0E6A-4803-947E-EBD242780C13}"
EndProject
Project("{2150E333-8FDC-42A3-9474-1A3956D46DE8}") = "Tests", "Tests", "{090C2269-133F-449B-A927-58863C258FA7}"
EndProject
Project("{9A19103F-16F7-4668-BE54-9A1E7A4F7556}") = "CarBidSystem.Bids.IntegrationTests", "tests\CarBidSystem.Bids.IntegrationTests\CarBidSystem.Bids.IntegrationTests.csproj", "{59A66ABC-D45C-43A7-AC5F-5B24D43B5505}"
EndProject
Project("{9A19103F-16F7-4668-BE54-9A1E7A4F7556}") = "CarBidSystem.Auctions.IntegrationTests", "tests\CarBidSystem.Auctions.IntegrationTests\CarBidSystem.Auctions.IntegrationTests.csproj", "{6F71777F-9758-49B3-BA2F-755A1CCABEA2}"
EndProject
Project("{9A19103F-16F7-4668-BE54-9A1E7A4F7556}") = "CarBidSystem.Bids.Plugins.RedisCaching", "src\BidService\Plugins\CarBidSystem.Bids.Plugins.RedisCaching\CarBidSystem.Bids.Plugins.RedisCaching.csproj", "{DF60183A-661A-493B-B196-09AFE599F84D}"
EndProject
Global
	GlobalSection(SolutionConfigurationPlatforms) = preSolution
		Debug|Any CPU = Debug|Any CPU
		Release|Any CPU = Release|Any CPU
	EndGlobalSection
	GlobalSection(ProjectConfigurationPlatforms) = postSolution
		{79CF6848-9975-4783-8B8E-5EC2BE1FF294}.Debug|Any CPU.ActiveCfg = Debug|Any CPU
		{79CF6848-9975-4783-8B8E-5EC2BE1FF294}.Debug|Any CPU.Build.0 = Debug|Any CPU
		{79CF6848-9975-4783-8B8E-5EC2BE1FF294}.Release|Any CPU.ActiveCfg = Release|Any CPU
		{79CF6848-9975-4783-8B8E-5EC2BE1FF294}.Release|Any CPU.Build.0 = Release|Any CPU
		{E8EFADA6-CC91-40CC-BD72-A6BEF9213C3E}.Debug|Any CPU.ActiveCfg = Debug|Any CPU
		{E8EFADA6-CC91-40CC-BD72-A6BEF9213C3E}.Debug|Any CPU.Build.0 = Debug|Any CPU
		{E8EFADA6-CC91-40CC-BD72-A6BEF9213C3E}.Release|Any CPU.ActiveCfg = Release|Any CPU
		{E8EFADA6-CC91-40CC-BD72-A6BEF9213C3E}.Release|Any CPU.Build.0 = Release|Any CPU
		{7187B49C-2AE1-4831-B457-0E37CB7E3DD3}.Debug|Any CPU.ActiveCfg = Debug|Any CPU
		{7187B49C-2AE1-4831-B457-0E37CB7E3DD3}.Debug|Any CPU.Build.0 = Debug|Any CPU
		{7187B49C-2AE1-4831-B457-0E37CB7E3DD3}.Release|Any CPU.ActiveCfg = Release|Any CPU
		{7187B49C-2AE1-4831-B457-0E37CB7E3DD3}.Release|Any CPU.Build.0 = Release|Any CPU
		{C1EF95C6-A61E-4158-9A11-7A92B62FABC1}.Debug|Any CPU.ActiveCfg = Debug|Any CPU
		{C1EF95C6-A61E-4158-9A11-7A92B62FABC1}.Debug|Any CPU.Build.0 = Debug|Any CPU
		{C1EF95C6-A61E-4158-9A11-7A92B62FABC1}.Release|Any CPU.ActiveCfg = Release|Any CPU
		{C1EF95C6-A61E-4158-9A11-7A92B62FABC1}.Release|Any CPU.Build.0 = Release|Any CPU
		{E35793AD-1CF0-40E6-9783-B64224C09A7C}.Debug|Any CPU.ActiveCfg = Debug|Any CPU
		{E35793AD-1CF0-40E6-9783-B64224C09A7C}.Debug|Any CPU.Build.0 = Debug|Any CPU
		{E35793AD-1CF0-40E6-9783-B64224C09A7C}.Release|Any CPU.ActiveCfg = Release|Any CPU
		{E35793AD-1CF0-40E6-9783-B64224C09A7C}.Release|Any CPU.Build.0 = Release|Any CPU
		{BE6B808E-702C-4559-B375-BA1EFA2C59D1}.Debug|Any CPU.ActiveCfg = Debug|Any CPU
		{BE6B808E-702C-4559-B375-BA1EFA2C59D1}.Debug|Any CPU.Build.0 = Debug|Any CPU
		{BE6B808E-702C-4559-B375-BA1EFA2C59D1}.Release|Any CPU.ActiveCfg = Release|Any CPU
		{BE6B808E-702C-4559-B375-BA1EFA2C59D1}.Release|Any CPU.Build.0 = Release|Any CPU
		{B90A4BAE-2CC3-48DD-83C4-6640374C3572}.Debug|Any CPU.ActiveCfg = Debug|Any CPU
		{B90A4BAE-2CC3-48DD-83C4-6640374C3572}.Debug|Any CPU.Build.0 = Debug|Any CPU
		{B90A4BAE-2CC3-48DD-83C4-6640374C3572}.Release|Any CPU.ActiveCfg = Release|Any CPU
		{B90A4BAE-2CC3-48DD-83C4-6640374C3572}.Release|Any CPU.Build.0 = Release|Any CPU
		{3ACEE466-EA49-4FF9-816D-338643D7A7EF}.Debug|Any CPU.ActiveCfg = Debug|Any CPU
		{3ACEE466-EA49-4FF9-816D-338643D7A7EF}.Debug|Any CPU.Build.0 = Debug|Any CPU
		{3ACEE466-EA49-4FF9-816D-338643D7A7EF}.Release|Any CPU.ActiveCfg = Release|Any CPU
		{3ACEE466-EA49-4FF9-816D-338643D7A7EF}.Release|Any CPU.Build.0 = Release|Any CPU
		{CC944101-981D-41E2-876E-EE8145C30AE9}.Debug|Any CPU.ActiveCfg = Debug|Any CPU
		{CC944101-981D-41E2-876E-EE8145C30AE9}.Debug|Any CPU.Build.0 = Debug|Any CPU
		{CC944101-981D-41E2-876E-EE8145C30AE9}.Release|Any CPU.ActiveCfg = Release|Any CPU
		{CC944101-981D-41E2-876E-EE8145C30AE9}.Release|Any CPU.Build.0 = Release|Any CPU
		{1AAA7056-B670-43A4-9611-263C1A72B36B}.Debug|Any CPU.ActiveCfg = Debug|Any CPU
		{1AAA7056-B670-43A4-9611-263C1A72B36B}.Debug|Any CPU.Build.0 = Debug|Any CPU
		{1AAA7056-B670-43A4-9611-263C1A72B36B}.Release|Any CPU.ActiveCfg = Release|Any CPU
		{1AAA7056-B670-43A4-9611-263C1A72B36B}.Release|Any CPU.Build.0 = Release|Any CPU
		{AC08A5CE-0E6A-4803-947E-EBD242780C13}.Debug|Any CPU.ActiveCfg = Debug|Any CPU
		{AC08A5CE-0E6A-4803-947E-EBD242780C13}.Debug|Any CPU.Build.0 = Debug|Any CPU
		{AC08A5CE-0E6A-4803-947E-EBD242780C13}.Release|Any CPU.ActiveCfg = Release|Any CPU
		{AC08A5CE-0E6A-4803-947E-EBD242780C13}.Release|Any CPU.Build.0 = Release|Any CPU
		{59A66ABC-D45C-43A7-AC5F-5B24D43B5505}.Debug|Any CPU.ActiveCfg = Debug|Any CPU
		{59A66ABC-D45C-43A7-AC5F-5B24D43B5505}.Debug|Any CPU.Build.0 = Debug|Any CPU
		{59A66ABC-D45C-43A7-AC5F-5B24D43B5505}.Release|Any CPU.ActiveCfg = Release|Any CPU
		{59A66ABC-D45C-43A7-AC5F-5B24D43B5505}.Release|Any CPU.Build.0 = Release|Any CPU
		{6F71777F-9758-49B3-BA2F-755A1CCABEA2}.Debug|Any CPU.ActiveCfg = Debug|Any CPU
		{6F71777F-9758-49B3-BA2F-755A1CCABEA2}.Debug|Any CPU.Build.0 = Debug|Any CPU
		{6F71777F-9758-49B3-BA2F-755A1CCABEA2}.Release|Any CPU.ActiveCfg = Release|Any CPU
		{6F71777F-9758-49B3-BA2F-755A1CCABEA2}.Release|Any CPU.Build.0 = Release|Any CPU
		{DF60183A-661A-493B-B196-09AFE599F84D}.Debug|Any CPU.ActiveCfg = Debug|Any CPU
		{DF60183A-661A-493B-B196-09AFE599F84D}.Debug|Any CPU.Build.0 = Debug|Any CPU
		{DF60183A-661A-493B-B196-09AFE599F84D}.Release|Any CPU.ActiveCfg = Release|Any CPU
		{DF60183A-661A-493B-B196-09AFE599F84D}.Release|Any CPU.Build.0 = Release|Any CPU
	EndGlobalSection
	GlobalSection(SolutionProperties) = preSolution
		HideSolutionNode = FALSE
	EndGlobalSection
	GlobalSection(NestedProjects) = preSolution
		{79CF6848-9975-4783-8B8E-5EC2BE1FF294} = {1E317129-5A59-4EC3-AEF2-B1FA13C69A0B}
		{E8EFADA6-CC91-40CC-BD72-A6BEF9213C3E} = {1E317129-5A59-4EC3-AEF2-B1FA13C69A0B}
		{243664D3-3E30-49B2-998F-E639BA76F173} = {1E317129-5A59-4EC3-AEF2-B1FA13C69A0B}
		{7187B49C-2AE1-4831-B457-0E37CB7E3DD3} = {1E317129-5A59-4EC3-AEF2-B1FA13C69A0B}
		{50E6697F-0F25-4F20-B06B-1608794828DB} = {980B6117-ECE8-4AFD-8D65-E7ECFA82C52F}
		{C1EF95C6-A61E-4158-9A11-7A92B62FABC1} = {980B6117-ECE8-4AFD-8D65-E7ECFA82C52F}
		{E35793AD-1CF0-40E6-9783-B64224C09A7C} = {980B6117-ECE8-4AFD-8D65-E7ECFA82C52F}
		{BE6B808E-702C-4559-B375-BA1EFA2C59D1} = {43B865F4-5FCA-465C-9769-02C458428093}
		{B90A4BAE-2CC3-48DD-83C4-6640374C3572} = {980B6117-ECE8-4AFD-8D65-E7ECFA82C52F}
		{3ACEE466-EA49-4FF9-816D-338643D7A7EF} = {50E6697F-0F25-4F20-B06B-1608794828DB}
		{CC944101-981D-41E2-876E-EE8145C30AE9} = {243664D3-3E30-49B2-998F-E639BA76F173}
		{1AAA7056-B670-43A4-9611-263C1A72B36B} = {583A4639-C007-4D40-A689-23910AED0B3F}
		{AC08A5CE-0E6A-4803-947E-EBD242780C13} = {243664D3-3E30-49B2-998F-E639BA76F173}
		{59A66ABC-D45C-43A7-AC5F-5B24D43B5505} = {090C2269-133F-449B-A927-58863C258FA7}
		{6F71777F-9758-49B3-BA2F-755A1CCABEA2} = {090C2269-133F-449B-A927-58863C258FA7}
		{DF60183A-661A-493B-B196-09AFE599F84D} = {50E6697F-0F25-4F20-B06B-1608794828DB}
	EndGlobalSection
	GlobalSection(ExtensibilityGlobals) = postSolution
		SolutionGuid = {9EAFF4CA-026E-4ADD-9B3B-A21E8CD05F13}
	EndGlobalSection
EndGlobal
